
Microsoft Visual Studio Solution File, Format Version 12.00
# Visual Studio Version 16
VisualStudioVersion = 16.0.29728.190
MinimumVisualStudioVersion = 10.0.40219.1
Project("{FAE04EC0-301F-11D3-BF4B-00C04F79EFBC}") = "PubDev.Globalization.API", "PubDev.Globalization.API.csproj", "{15195BD2-230B-4B26-9DE1-227035539780}"
EndProject
Global
	GlobalSection(SolutionConfigurationPlatforms) = preSolution
		Debug|Any CPU = Debug|Any CPU
		Release|Any CPU = Release|Any CPU
	EndGlobalSection
	GlobalSection(ProjectConfigurationPlatforms) = postSolution
		{15195BD2-230B-4B26-9DE1-227035539780}.Debug|Any CPU.ActiveCfg = Debug|Any CPU
		{15195BD2-230B-4B26-9DE1-227035539780}.Debug|Any CPU.Build.0 = Debug|Any CPU
		{15195BD2-230B-4B26-9DE1-227035539780}.Release|Any CPU.ActiveCfg = Release|Any CPU
		{15195BD2-230B-4B26-9DE1-227035539780}.Release|Any CPU.Build.0 = Release|Any CPU
	EndGlobalSection
	GlobalSection(SolutionProperties) = preSolution
		HideSolutionNode = FALSE
	EndGlobalSection
	GlobalSection(ExtensibilityGlobals) = postSolution
		SolutionGuid = {CADC699C-1C7D-43AB-A435-D545D23DFBF8}
	EndGlobalSection
EndGlobal
